{
  "version": 4,
  "terraform_version": "1.8.3",
  "serial": 18,
  "lineage": "6b74f37c-6499-50d7-e5d7-9edb098c5f2e",
  "outputs": {
    "private_vm_private_ip": {
      "value": "10.0.2.4",
      "type": "string"
    },
    "public_vm_ip": {
      "value": "172.190.167.25",
      "type": "string"
    },
    "resource_group_name": {
      "value": "jeremy-rg",
      "type": "string"
    }
  },
  "resources": [
    {
      "mode": "managed",
      "type": "azurerm_linux_virtual_machine",
      "name": "private",
      "provider": "provider[\"registry.terraform.io/hashicorp/azurerm\"]",
      "instances": [
        {
          "schema_version": 0,
          "attributes": {
            "additional_capabilities": [],
            "admin_password": null,
            "admin_ssh_key": [
              {
                "public_key": "ssh-rsa AAAAB3NzaC1yc2EAAAADAQABAAACAQDWDb6Tgpol1VhgFHVnzAHXhat23uGHucweYNlyQNfAMnM2y8QicUf1JNCyVWoiHXe/fJ56jXcO4If9qcUKCg49gFGmZwGuESmcdvtZRGLL4ADPoQsIQ9afBiDtdI5SqKuxUdhiJI07KnK5FbOw3XuoUW7QN6SvM/SO8AyudDxW0QKOht18zmnWoq/6MjVdJCQSXepcuOEkW3xN3PLjnWs4dXhpyok8yj7Gzt9evyW0fdEvpTAa/l/zpXSBKliQmdiuA0M9uprSbIe85S02DUeDRWHNVaG728KbcG9AQ4AGyf3dFf5pDkYW8e9572GefPEMdQ+d9aUHnYUT1ZyS73XOkKhABI1kVh0LjfDpEkLVjjoRWpBHcsf90AiONzSNxieLNlmiU4iTaKYMS43mTEm9JC5W/5Lemfgypn2/gFFEWQ3sp4zkBCIErB0hdjISNewdq7MY8vk27Tk8NhBzjRHaBLB7pgr1qL1huJwgON720I68bO9dcqf5cb9JB+Fnr8dnYIN3QBgCKEn8vkkq7Y06u+740XVdJorWoDm1bK1E3ALUujGv3X+1hJSsd8kSksrnIuj30WXkt6RjhLGvun3Rpc7k9G6rdO5xF1Z95qQhhYQ7bJnww1eqZ+w9dZnmAuIY8qkHHhqinnSNKM6rPOQ7MqbppewkrWF8+uxkjj5ulw== j.agboola@f5.com\n",
                "username": "jeremy"
              }
            ],
            "admin_username": "jeremy",
            "allow_extension_operations": true,
            "availability_set_id": "",
            "boot_diagnostics": [],
            "bypass_platform_safety_checks_on_user_schedule_enabled": false,
            "capacity_reservation_group_id": "",
            "computer_name": "jeremy-vm-private",
            "custom_data": null,
            "dedicated_host_group_id": "",
            "dedicated_host_id": "",
            "disable_password_authentication": true,
            "disk_controller_type": "",
            "edge_zone": "",
            "encryption_at_host_enabled": false,
            "eviction_policy": "",
            "extensions_time_budget": "PT1H30M",
            "gallery_application": [],
            "id": "/subscriptions/6077fee6-a34f-436e-a381-91464aba65e3/resourceGroups/jeremy-rg/providers/Microsoft.Compute/virtualMachines/jeremy-vm-private",
            "identity": [],
            "license_type": "",
            "location": "eastus",
            "max_bid_price": -1,
            "name": "jeremy-vm-private",
            "network_interface_ids": [
              "/subscriptions/6077fee6-a34f-436e-a381-91464aba65e3/resourceGroups/jeremy-rg/providers/Microsoft.Network/networkInterfaces/jeremy-nic-private-vm"
            ],
            "os_disk": [
              {
                "caching": "ReadWrite",
                "diff_disk_settings": [],
                "disk_encryption_set_id": "",
                "disk_size_gb": 30,
                "name": "jeremy-vm-private_disk1_bacdc15012be45629a58e509e1921f07",
                "secure_vm_disk_encryption_set_id": "",
                "security_encryption_type": "",
                "storage_account_type": "Standard_LRS",
                "write_accelerator_enabled": false
              }
            ],
            "os_image_notification": [],
            "patch_assessment_mode": "ImageDefault",
            "patch_mode": "ImageDefault",
            "plan": [],
            "platform_fault_domain": -1,
            "priority": "Regular",
            "private_ip_address": "10.0.2.4",
            "private_ip_addresses": [
              "10.0.2.4"
            ],
            "provision_vm_agent": true,
            "proximity_placement_group_id": "",
            "public_ip_address": "",
            "public_ip_addresses": [],
            "reboot_setting": "",
            "resource_group_name": "jeremy-rg",
            "secret": [],
            "secure_boot_enabled": false,
            "size": "Standard_B1s",
            "source_image_id": "",
            "source_image_reference": [
              {
                "offer": "0001-com-ubuntu-server-jammy",
                "publisher": "Canonical",
                "sku": "22_04-lts",
                "version": "latest"
              }
            ],
            "tags": null,
            "termination_notification": null,
            "timeouts": null,
            "user_data": "",
            "virtual_machine_id": "ef96e8dd-5840-42d7-ac56-d1fc7ddeb9c2",
            "virtual_machine_scale_set_id": "",
            "vm_agent_platform_updates_enabled": false,
            "vtpm_enabled": false,
            "zone": ""
          },
          "sensitive_attributes": [
            [
              {
                "type": "get_attr",
                "value": "custom_data"
              }
            ],
            [
              {
                "type": "get_attr",
                "value": "admin_password"
              }
            ]
          ],
          "private": "eyJlMmJmYjczMC1lY2FhLTExZTYtOGY4OC0zNDM2M2JjN2M0YzAiOnsiY3JlYXRlIjoyNzAwMDAwMDAwMDAwLCJkZWxldGUiOjI3MDAwMDAwMDAwMDAsInJlYWQiOjMwMDAwMDAwMDAwMCwidXBkYXRlIjoyNzAwMDAwMDAwMDAwfX0=",
          "dependencies": [
            "azurerm_network_interface.private_vm",
            "azurerm_resource_group.main",
            "azurerm_subnet.private",
            "azurerm_virtual_network.main"
          ]
        }
      ]
    },
    {
      "mode": "managed",
      "type": "azurerm_linux_virtual_machine",
      "name": "public",
      "provider": "provider[\"registry.terraform.io/hashicorp/azurerm\"]",
      "instances": [
        {
          "schema_version": 0,
          "attributes": {
            "additional_capabilities": [],
            "admin_password": null,
            "admin_ssh_key": [
              {
                "public_key": "ssh-rsa AAAAB3NzaC1yc2EAAAADAQABAAACAQDWDb6Tgpol1VhgFHVnzAHXhat23uGHucweYNlyQNfAMnM2y8QicUf1JNCyVWoiHXe/fJ56jXcO4If9qcUKCg49gFGmZwGuESmcdvtZRGLL4ADPoQsIQ9afBiDtdI5SqKuxUdhiJI07KnK5FbOw3XuoUW7QN6SvM/SO8AyudDxW0QKOht18zmnWoq/6MjVdJCQSXepcuOEkW3xN3PLjnWs4dXhpyok8yj7Gzt9evyW0fdEvpTAa/l/zpXSBKliQmdiuA0M9uprSbIe85S02DUeDRWHNVaG728KbcG9AQ4AGyf3dFf5pDkYW8e9572GefPEMdQ+d9aUHnYUT1ZyS73XOkKhABI1kVh0LjfDpEkLVjjoRWpBHcsf90AiONzSNxieLNlmiU4iTaKYMS43mTEm9JC5W/5Lemfgypn2/gFFEWQ3sp4zkBCIErB0hdjISNewdq7MY8vk27Tk8NhBzjRHaBLB7pgr1qL1huJwgON720I68bO9dcqf5cb9JB+Fnr8dnYIN3QBgCKEn8vkkq7Y06u+740XVdJorWoDm1bK1E3ALUujGv3X+1hJSsd8kSksrnIuj30WXkt6RjhLGvun3Rpc7k9G6rdO5xF1Z95qQhhYQ7bJnww1eqZ+w9dZnmAuIY8qkHHhqinnSNKM6rPOQ7MqbppewkrWF8+uxkjj5ulw== j.agboola@f5.com\n",
                "username": "jeremy"
              }
            ],
            "admin_username": "jeremy",
            "allow_extension_operations": true,
            "availability_set_id": "",
            "boot_diagnostics": [],
            "bypass_platform_safety_checks_on_user_schedule_enabled": false,
            "capacity_reservation_group_id": "",
            "computer_name": "jeremy-vm-public",
            "custom_data": "IyEvYmluL2Jhc2gKYXB0LWdldCB1cGRhdGUKYXB0LWdldCBpbnN0YWxsIC15IGNhLWNlcnRpZmljYXRlcyBjdXJsCmluc3RhbGwgLW0gMDc1NSAtZCAvZXRjL2FwdC9rZXlyaW5ncwpjdXJsIC1mc1NMIGh0dHBzOi8vZG93bmxvYWQuZG9ja2VyLmNvbS9saW51eC91YnVudHUvZ3BnIC1vIC9ldGMvYXB0L2tleXJpbmdzL2RvY2tlci5hc2MKY2htb2QgYStyIC9ldGMvYXB0L2tleXJpbmdzL2RvY2tlci5hc2MKZWNobyAiZGViIFthcmNoPSQoZHBrZyAtLXByaW50LWFyY2hpdGVjdHVyZSkgc2lnbmVkLWJ5PS9ldGMvYXB0L2tleXJpbmdzL2RvY2tlci5hc2NdIGh0dHBzOi8vZG93bmxvYWQuZG9ja2VyLmNvbS9saW51eC91YnVudHUgJCguIC9ldGMvb3MtcmVsZWFzZSAmJiBlY2hvICIkVkVSU0lPTl9DT0RFTkFNRSIpIHN0YWJsZSIgfCB0ZWUgL2V0Yy9hcHQvc291cmNlcy5saXN0LmQvZG9ja2VyLmxpc3QgPiAvZGV2L251bGwKYXB0LWdldCB1cGRhdGUKYXB0LWdldCBpbnN0YWxsIC15IGRvY2tlci1jZSBkb2NrZXItY2UtY2xpIGNvbnRhaW5lcmQuaW8gZG9ja2VyLWJ1aWxkeC1wbHVnaW4gZG9ja2VyLWNvbXBvc2UtcGx1Z2luCnN5c3RlbWN0bCBzdGFydCBkb2NrZXIKc3lzdGVtY3RsIGVuYWJsZSBkb2NrZXIKZG9ja2VyIHJ1biAtZCAtcCAzMDAwOjMwMDAgYmtpbW1pbmljaC9qdWljZS1zaG9wCg==",
            "dedicated_host_group_id": "",
            "dedicated_host_id": "",
            "disable_password_authentication": true,
            "disk_controller_type": "",
            "edge_zone": "",
            "encryption_at_host_enabled": false,
            "eviction_policy": "",
            "extensions_time_budget": "PT1H30M",
            "gallery_application": [],
            "id": "/subscriptions/6077fee6-a34f-436e-a381-91464aba65e3/resourceGroups/jeremy-rg/providers/Microsoft.Compute/virtualMachines/jeremy-vm-public",
            "identity": [],
            "license_type": "",
            "location": "eastus",
            "max_bid_price": -1,
            "name": "jeremy-vm-public",
            "network_interface_ids": [
              "/subscriptions/6077fee6-a34f-436e-a381-91464aba65e3/resourceGroups/jeremy-rg/providers/Microsoft.Network/networkInterfaces/jeremy-nic-public-vm"
            ],
            "os_disk": [
              {
                "caching": "ReadWrite",
                "diff_disk_settings": [],
                "disk_encryption_set_id": "",
                "disk_size_gb": 30,
                "name": "jeremy-vm-public_OsDisk_1_3c4515af5e9c4e85bf7d5124b0a4cea3",
                "secure_vm_disk_encryption_set_id": "",
                "security_encryption_type": "",
                "storage_account_type": "Standard_LRS",
                "write_accelerator_enabled": false
              }
            ],
            "os_image_notification": [],
            "patch_assessment_mode": "ImageDefault",
            "patch_mode": "ImageDefault",
            "plan": [],
            "platform_fault_domain": -1,
            "priority": "Regular",
            "private_ip_address": "10.0.1.4",
            "private_ip_addresses": [
              "10.0.1.4"
            ],
            "provision_vm_agent": true,
            "proximity_placement_group_id": "",
            "public_ip_address": "172.190.167.25",
            "public_ip_addresses": [
              "172.190.167.25"
            ],
            "reboot_setting": "",
            "resource_group_name": "jeremy-rg",
            "secret": [],
            "secure_boot_enabled": false,
            "size": "Standard_B1s",
            "source_image_id": "",
            "source_image_reference": [
              {
                "offer": "0001-com-ubuntu-server-jammy",
                "publisher": "Canonical",
                "sku": "22_04-lts",
                "version": "latest"
              }
            ],
            "tags": null,
            "termination_notification": null,
            "timeouts": null,
            "user_data": "",
            "virtual_machine_id": "db9e5856-8ea4-4f74-adda-1633a4c14d4c",
            "virtual_machine_scale_set_id": "",
            "vm_agent_platform_updates_enabled": false,
            "vtpm_enabled": false,
            "zone": ""
          },
          "sensitive_attributes": [
            [
              {
                "type": "get_attr",
                "value": "admin_password"
              }
            ],
            [
              {
                "type": "get_attr",
                "value": "custom_data"
              }
            ]
          ],
          "private": "eyJlMmJmYjczMC1lY2FhLTExZTYtOGY4OC0zNDM2M2JjN2M0YzAiOnsiY3JlYXRlIjoyNzAwMDAwMDAwMDAwLCJkZWxldGUiOjI3MDAwMDAwMDAwMDAsInJlYWQiOjMwMDAwMDAwMDAwMCwidXBkYXRlIjoyNzAwMDAwMDAwMDAwfX0=",
          "dependencies": [
            "azurerm_network_interface.public_vm",
            "azurerm_public_ip.public_vm",
            "azurerm_resource_group.main",
            "azurerm_subnet.public",
            "azurerm_virtual_network.main"
          ]
        }
      ]
    },
    {
      "mode": "managed",
      "type": "azurerm_network_interface",
      "name": "private_vm",
      "provider": "provider[\"registry.terraform.io/hashicorp/azurerm\"]",
      "instances": [
        {
          "schema_version": 0,
          "attributes": {
            "accelerated_networking_enabled": false,
            "applied_dns_servers": [],
            "auxiliary_mode": "",
            "auxiliary_sku": "",
            "dns_servers": [],
            "edge_zone": "",
            "enable_accelerated_networking": false,
            "enable_ip_forwarding": false,
            "id": "/subscriptions/6077fee6-a34f-436e-a381-91464aba65e3/resourceGroups/jeremy-rg/providers/Microsoft.Network/networkInterfaces/jeremy-nic-private-vm",
            "internal_dns_name_label": "",
            "internal_domain_name_suffix": "l5qcn2wuux3ujddsvcnziurabh.bx.internal.cloudapp.net",
            "ip_configuration": [
              {
                "gateway_load_balancer_frontend_ip_configuration_id": "",
                "name": "internal",
                "primary": true,
                "private_ip_address": "10.0.2.4",
                "private_ip_address_allocation": "Dynamic",
                "private_ip_address_version": "IPv4",
                "public_ip_address_id": "",
                "subnet_id": "/subscriptions/6077fee6-a34f-436e-a381-91464aba65e3/resourceGroups/jeremy-rg/providers/Microsoft.Network/virtualNetworks/vnet-main/subnets/subnet-private"
              }
            ],
            "ip_forwarding_enabled": false,
            "location": "eastus",
            "mac_address": "",
            "name": "jeremy-nic-private-vm",
            "private_ip_address": "10.0.2.4",
            "private_ip_addresses": [
              "10.0.2.4"
            ],
            "resource_group_name": "jeremy-rg",
            "tags": {},
            "timeouts": null,
            "virtual_machine_id": ""
          },
          "sensitive_attributes": [],
          "private": "eyJlMmJmYjczMC1lY2FhLTExZTYtOGY4OC0zNDM2M2JjN2M0YzAiOnsiY3JlYXRlIjoxODAwMDAwMDAwMDAwLCJkZWxldGUiOjE4MDAwMDAwMDAwMDAsInJlYWQiOjMwMDAwMDAwMDAwMCwidXBkYXRlIjoxODAwMDAwMDAwMDAwfX0=",
          "dependencies": [
            "azurerm_resource_group.main",
            "azurerm_subnet.private",
            "azurerm_virtual_network.main"
          ]
        }
      ]
    },
    {
      "mode": "managed",
      "type": "azurerm_network_interface",
      "name": "public_vm",
      "provider": "provider[\"registry.terraform.io/hashicorp/azurerm\"]",
      "instances": [
        {
          "schema_version": 0,
          "attributes": {
            "accelerated_networking_enabled": false,
            "applied_dns_servers": [],
            "auxiliary_mode": "",
            "auxiliary_sku": "",
            "dns_servers": [],
            "edge_zone": "",
            "enable_accelerated_networking": false,
            "enable_ip_forwarding": false,
            "id": "/subscriptions/6077fee6-a34f-436e-a381-91464aba65e3/resourceGroups/jeremy-rg/providers/Microsoft.Network/networkInterfaces/jeremy-nic-public-vm",
            "internal_dns_name_label": "",
            "internal_domain_name_suffix": "l5qcn2wuux3ujddsvcnziurabh.bx.internal.cloudapp.net",
            "ip_configuration": [
              {
                "gateway_load_balancer_frontend_ip_configuration_id": "",
                "name": "internal",
                "primary": true,
                "private_ip_address": "10.0.1.4",
                "private_ip_address_allocation": "Dynamic",
                "private_ip_address_version": "IPv4",
                "public_ip_address_id": "/subscriptions/6077fee6-a34f-436e-a381-91464aba65e3/resourceGroups/jeremy-rg/providers/Microsoft.Network/publicIPAddresses/jeremy-public-vm",
                "subnet_id": "/subscriptions/6077fee6-a34f-436e-a381-91464aba65e3/resourceGroups/jeremy-rg/providers/Microsoft.Network/virtualNetworks/vnet-main/subnets/subnet-public"
              }
            ],
            "ip_forwarding_enabled": false,
            "location": "eastus",
            "mac_address": "00-0D-3A-9C-76-B5",
            "name": "jeremy-nic-public-vm",
            "private_ip_address": "10.0.1.4",
            "private_ip_addresses": [
              "10.0.1.4"
            ],
            "resource_group_name": "jeremy-rg",
            "tags": {},
            "timeouts": null,
            "virtual_machine_id": "/subscriptions/6077fee6-a34f-436e-a381-91464aba65e3/resourceGroups/jeremy-rg/providers/Microsoft.Compute/virtualMachines/jeremy-vm-public"
          },
          "sensitive_attributes": [],
          "private": "eyJlMmJmYjczMC1lY2FhLTExZTYtOGY4OC0zNDM2M2JjN2M0YzAiOnsiY3JlYXRlIjoxODAwMDAwMDAwMDAwLCJkZWxldGUiOjE4MDAwMDAwMDAwMDAsInJlYWQiOjMwMDAwMDAwMDAwMCwidXBkYXRlIjoxODAwMDAwMDAwMDAwfX0=",
          "dependencies": [
            "azurerm_public_ip.public_vm",
            "azurerm_resource_group.main",
            "azurerm_subnet.public",
            "azurerm_virtual_network.main"
          ]
        }
      ]
    },
    {
      "mode": "managed",
      "type": "azurerm_network_security_group",
      "name": "private",
      "provider": "provider[\"registry.terraform.io/hashicorp/azurerm\"]",
      "instances": [
        {
          "schema_version": 0,
          "attributes": {
            "id": "/subscriptions/6077fee6-a34f-436e-a381-91464aba65e3/resourceGroups/jeremy-rg/providers/Microsoft.Network/networkSecurityGroups/jeremy-nsg-private",
            "location": "eastus",
            "name": "jeremy-nsg-private",
            "resource_group_name": "jeremy-rg",
            "security_rule": [
              {
                "access": "Allow",
                "description": "",
                "destination_address_prefix": "*",
                "destination_address_prefixes": [],
                "destination_application_security_group_ids": [],
                "destination_port_range": "22",
                "destination_port_ranges": [],
                "direction": "Inbound",
                "name": "AllowSSHFromPublic",
                "priority": 100,
                "protocol": "Tcp",
                "source_address_prefix": "10.0.1.0/24",
                "source_address_prefixes": [],
                "source_application_security_group_ids": [],
                "source_port_range": "*",
                "source_port_ranges": []
              },
              {
                "access": "Deny",
                "description": "",
                "destination_address_prefix": "*",
                "destination_address_prefixes": [],
                "destination_application_security_group_ids": [],
                "destination_port_range": "*",
                "destination_port_ranges": [],
                "direction": "Inbound",
                "name": "DenyAllInbound",
                "priority": 200,
                "protocol": "*",
                "source_address_prefix": "*",
                "source_address_prefixes": [],
                "source_application_security_group_ids": [],
                "source_port_range": "*",
                "source_port_ranges": []
              }
            ],
            "tags": {},
            "timeouts": null
          },
          "sensitive_attributes": [],
          "private": "eyJlMmJmYjczMC1lY2FhLTExZTYtOGY4OC0zNDM2M2JjN2M0YzAiOnsiY3JlYXRlIjoxODAwMDAwMDAwMDAwLCJkZWxldGUiOjE4MDAwMDAwMDAwMDAsInJlYWQiOjMwMDAwMDAwMDAwMCwidXBkYXRlIjoxODAwMDAwMDAwMDAwfX0=",
          "dependencies": [
            "azurerm_resource_group.main"
          ]
        }
      ]
    },
    {
      "mode": "managed",
      "type": "azurerm_network_security_group",
      "name": "public",
      "provider": "provider[\"registry.terraform.io/hashicorp/azurerm\"]",
      "instances": [
        {
          "schema_version": 0,
          "attributes": {
            "id": "/subscriptions/6077fee6-a34f-436e-a381-91464aba65e3/resourceGroups/jeremy-rg/providers/Microsoft.Network/networkSecurityGroups/jeremy-public",
            "location": "eastus",
            "name": "jeremy-public",
            "resource_group_name": "jeremy-rg",
            "security_rule": [
              {
                "access": "Allow",
                "description": "",
                "destination_address_prefix": "*",
                "destination_address_prefixes": [],
                "destination_application_security_group_ids": [],
                "destination_port_range": "*",
                "destination_port_ranges": [],
                "direction": "Outbound",
                "name": "AllowAllOutbound",
                "priority": 100,
                "protocol": "*",
                "source_address_prefix": "*",
                "source_address_prefixes": [],
                "source_application_security_group_ids": [],
                "source_port_range": "*",
                "source_port_ranges": []
              },
              {
                "access": "Allow",
                "description": "",
                "destination_address_prefix": "*",
                "destination_address_prefixes": [],
                "destination_application_security_group_ids": [],
                "destination_port_range": "22",
                "destination_port_ranges": [],
                "direction": "Inbound",
                "name": "AllowSSH",
                "priority": 100,
                "protocol": "Tcp",
                "source_address_prefix": "*",
                "source_address_prefixes": [],
                "source_application_security_group_ids": [],
                "source_port_range": "*",
                "source_port_ranges": []
              }
            ],
            "tags": {},
            "timeouts": null
          },
          "sensitive_attributes": [],
          "private": "eyJlMmJmYjczMC1lY2FhLTExZTYtOGY4OC0zNDM2M2JjN2M0YzAiOnsiY3JlYXRlIjoxODAwMDAwMDAwMDAwLCJkZWxldGUiOjE4MDAwMDAwMDAwMDAsInJlYWQiOjMwMDAwMDAwMDAwMCwidXBkYXRlIjoxODAwMDAwMDAwMDAwfX0=",
          "dependencies": [
            "azurerm_resource_group.main"
          ]
        }
      ]
    },
    {
      "mode": "managed",
      "type": "azurerm_public_ip",
      "name": "public_vm",
      "provider": "provider[\"registry.terraform.io/hashicorp/azurerm\"]",
      "instances": [
        {
          "schema_version": 0,
          "attributes": {
            "allocation_method": "Static",
            "ddos_protection_mode": "VirtualNetworkInherited",
            "ddos_protection_plan_id": null,
            "domain_name_label": null,
            "edge_zone": "",
            "fqdn": null,
            "id": "/subscriptions/6077fee6-a34f-436e-a381-91464aba65e3/resourceGroups/jeremy-rg/providers/Microsoft.Network/publicIPAddresses/jeremy-public-vm",
            "idle_timeout_in_minutes": 4,
            "ip_address": "172.190.167.25",
            "ip_tags": {},
            "ip_version": "IPv4",
            "location": "eastus",
            "name": "jeremy-public-vm",
            "public_ip_prefix_id": null,
            "resource_group_name": "jeremy-rg",
            "reverse_fqdn": null,
            "sku": "Standard",
            "sku_tier": "Regional",
            "tags": {},
            "timeouts": null,
            "zones": []
          },
          "sensitive_attributes": [],
          "private": "eyJlMmJmYjczMC1lY2FhLTExZTYtOGY4OC0zNDM2M2JjN2M0YzAiOnsiY3JlYXRlIjoxODAwMDAwMDAwMDAwLCJkZWxldGUiOjE4MDAwMDAwMDAwMDAsInJlYWQiOjMwMDAwMDAwMDAwMCwidXBkYXRlIjoxODAwMDAwMDAwMDAwfX0=",
          "dependencies": [
            "azurerm_resource_group.main"
          ]
        }
      ]
    },
    {
      "mode": "managed",
      "type": "azurerm_resource_group",
      "name": "main",
      "provider": "provider[\"registry.terraform.io/hashicorp/azurerm\"]",
      "instances": [
        {
          "schema_version": 0,
          "attributes": {
            "id": "/subscriptions/6077fee6-a34f-436e-a381-91464aba65e3/resourceGroups/jeremy-rg",
            "location": "eastus",
            "managed_by": "",
            "name": "jeremy-rg",
            "tags": {},
            "timeouts": null
          },
          "sensitive_attributes": [],
          "private": "eyJlMmJmYjczMC1lY2FhLTExZTYtOGY4OC0zNDM2M2JjN2M0YzAiOnsiY3JlYXRlIjo1NDAwMDAwMDAwMDAwLCJkZWxldGUiOjU0MDAwMDAwMDAwMDAsInJlYWQiOjMwMDAwMDAwMDAwMCwidXBkYXRlIjo1NDAwMDAwMDAwMDAwfX0="
        }
      ]
    },
    {
      "mode": "managed",
      "type": "azurerm_subnet",
      "name": "private",
      "provider": "provider[\"registry.terraform.io/hashicorp/azurerm\"]",
      "instances": [
        {
          "schema_version": 0,
          "attributes": {
            "address_prefixes": [
              "10.0.2.0/24"
            ],
            "default_outbound_access_enabled": true,
            "delegation": [],
            "enforce_private_link_endpoint_network_policies": false,
            "enforce_private_link_service_network_policies": false,
            "id": "/subscriptions/6077fee6-a34f-436e-a381-91464aba65e3/resourceGroups/jeremy-rg/providers/Microsoft.Network/virtualNetworks/vnet-main/subnets/subnet-private",
            "name": "subnet-private",
            "private_endpoint_network_policies": "Enabled",
            "private_endpoint_network_policies_enabled": true,
            "private_link_service_network_policies_enabled": true,
            "resource_group_name": "jeremy-rg",
            "service_endpoint_policy_ids": [],
            "service_endpoints": [],
            "timeouts": null,
            "virtual_network_name": "vnet-main"
          },
          "sensitive_attributes": [],
          "private": "eyJlMmJmYjczMC1lY2FhLTExZTYtOGY4OC0zNDM2M2JjN2M0YzAiOnsiY3JlYXRlIjoxODAwMDAwMDAwMDAwLCJkZWxldGUiOjE4MDAwMDAwMDAwMDAsInJlYWQiOjMwMDAwMDAwMDAwMCwidXBkYXRlIjoxODAwMDAwMDAwMDAwfX0=",
          "dependencies": [
            "azurerm_resource_group.main",
            "azurerm_virtual_network.main"
          ]
        }
      ]
    },
    {
      "mode": "managed",
      "type": "azurerm_subnet",
      "name": "public",
      "provider": "provider[\"registry.terraform.io/hashicorp/azurerm\"]",
      "instances": [
        {
          "schema_version": 0,
          "attributes": {
            "address_prefixes": [
              "10.0.1.0/24"
            ],
            "default_outbound_access_enabled": true,
            "delegation": [],
            "enforce_private_link_endpoint_network_policies": false,
            "enforce_private_link_service_network_policies": false,
            "id": "/subscriptions/6077fee6-a34f-436e-a381-91464aba65e3/resourceGroups/jeremy-rg/providers/Microsoft.Network/virtualNetworks/vnet-main/subnets/subnet-public",
            "name": "subnet-public",
            "private_endpoint_network_policies": "Enabled",
            "private_endpoint_network_policies_enabled": true,
            "private_link_service_network_policies_enabled": true,
            "resource_group_name": "jeremy-rg",
            "service_endpoint_policy_ids": [],
            "service_endpoints": [],
            "timeouts": null,
            "virtual_network_name": "vnet-main"
          },
          "sensitive_attributes": [],
          "private": "eyJlMmJmYjczMC1lY2FhLTExZTYtOGY4OC0zNDM2M2JjN2M0YzAiOnsiY3JlYXRlIjoxODAwMDAwMDAwMDAwLCJkZWxldGUiOjE4MDAwMDAwMDAwMDAsInJlYWQiOjMwMDAwMDAwMDAwMCwidXBkYXRlIjoxODAwMDAwMDAwMDAwfX0=",
          "dependencies": [
            "azurerm_resource_group.main",
            "azurerm_virtual_network.main"
          ]
        }
      ]
    },
    {
      "mode": "managed",
      "type": "azurerm_subnet_network_security_group_association",
      "name": "private",
      "provider": "provider[\"registry.terraform.io/hashicorp/azurerm\"]",
      "instances": [
        {
          "schema_version": 0,
          "attributes": {
            "id": "/subscriptions/6077fee6-a34f-436e-a381-91464aba65e3/resourceGroups/jeremy-rg/providers/Microsoft.Network/virtualNetworks/vnet-main/subnets/subnet-private",
            "network_security_group_id": "/subscriptions/6077fee6-a34f-436e-a381-91464aba65e3/resourceGroups/jeremy-rg/providers/Microsoft.Network/networkSecurityGroups/jeremy-nsg-private",
            "subnet_id": "/subscriptions/6077fee6-a34f-436e-a381-91464aba65e3/resourceGroups/jeremy-rg/providers/Microsoft.Network/virtualNetworks/vnet-main/subnets/subnet-private",
            "timeouts": null
          },
          "sensitive_attributes": [],
          "private": "eyJlMmJmYjczMC1lY2FhLTExZTYtOGY4OC0zNDM2M2JjN2M0YzAiOnsiY3JlYXRlIjoxODAwMDAwMDAwMDAwLCJkZWxldGUiOjE4MDAwMDAwMDAwMDAsInJlYWQiOjMwMDAwMDAwMDAwMH19",
          "dependencies": [
            "azurerm_network_security_group.private",
            "azurerm_resource_group.main",
            "azurerm_subnet.private",
            "azurerm_virtual_network.main"
          ]
        }
      ]
    },
    {
      "mode": "managed",
      "type": "azurerm_subnet_network_security_group_association",
      "name": "public",
      "provider": "provider[\"registry.terraform.io/hashicorp/azurerm\"]",
      "instances": [
        {
          "schema_version": 0,
          "attributes": {
            "id": "/subscriptions/6077fee6-a34f-436e-a381-91464aba65e3/resourceGroups/jeremy-rg/providers/Microsoft.Network/virtualNetworks/vnet-main/subnets/subnet-public",
            "network_security_group_id": "/subscriptions/6077fee6-a34f-436e-a381-91464aba65e3/resourceGroups/jeremy-rg/providers/Microsoft.Network/networkSecurityGroups/jeremy-public",
            "subnet_id": "/subscriptions/6077fee6-a34f-436e-a381-91464aba65e3/resourceGroups/jeremy-rg/providers/Microsoft.Network/virtualNetworks/vnet-main/subnets/subnet-public",
            "timeouts": null
          },
          "sensitive_attributes": [],
          "private": "eyJlMmJmYjczMC1lY2FhLTExZTYtOGY4OC0zNDM2M2JjN2M0YzAiOnsiY3JlYXRlIjoxODAwMDAwMDAwMDAwLCJkZWxldGUiOjE4MDAwMDAwMDAwMDAsInJlYWQiOjMwMDAwMDAwMDAwMH19",
          "dependencies": [
            "azurerm_network_security_group.public",
            "azurerm_resource_group.main",
            "azurerm_subnet.public",
            "azurerm_virtual_network.main"
          ]
        }
      ]
    },
    {
      "mode": "managed",
      "type": "azurerm_virtual_network",
      "name": "main",
      "provider": "provider[\"registry.terraform.io/hashicorp/azurerm\"]",
      "instances": [
        {
          "schema_version": 0,
          "attributes": {
            "address_space": [
              "10.0.0.0/16"
            ],
            "bgp_community": "",
            "ddos_protection_plan": [],
            "dns_servers": [],
            "edge_zone": "",
            "encryption": [],
            "flow_timeout_in_minutes": 0,
            "guid": "f226e05f-a5d4-44fb-8c72-a89b9452200f",
            "id": "/subscriptions/6077fee6-a34f-436e-a381-91464aba65e3/resourceGroups/jeremy-rg/providers/Microsoft.Network/virtualNetworks/vnet-main",
            "location": "eastus",
            "name": "vnet-main",
            "resource_group_name": "jeremy-rg",
            "subnet": [
              {
                "address_prefix": "10.0.1.0/24",
                "id": "/subscriptions/6077fee6-a34f-436e-a381-91464aba65e3/resourceGroups/jeremy-rg/providers/Microsoft.Network/virtualNetworks/vnet-main/subnets/subnet-public",
                "name": "subnet-public",
                "security_group": "/subscriptions/6077fee6-a34f-436e-a381-91464aba65e3/resourceGroups/jeremy-rg/providers/Microsoft.Network/networkSecurityGroups/jeremy-public"
              },
              {
                "address_prefix": "10.0.2.0/24",
                "id": "/subscriptions/6077fee6-a34f-436e-a381-91464aba65e3/resourceGroups/jeremy-rg/providers/Microsoft.Network/virtualNetworks/vnet-main/subnets/subnet-private",
                "name": "subnet-private",
                "security_group": "/subscriptions/6077fee6-a34f-436e-a381-91464aba65e3/resourceGroups/jeremy-rg/providers/Microsoft.Network/networkSecurityGroups/jeremy-nsg-private"
              }
            ],
            "tags": {},
            "timeouts": null
          },
          "sensitive_attributes": [],
          "private": "eyJlMmJmYjczMC1lY2FhLTExZTYtOGY4OC0zNDM2M2JjN2M0YzAiOnsiY3JlYXRlIjoxODAwMDAwMDAwMDAwLCJkZWxldGUiOjE4MDAwMDAwMDAwMDAsInJlYWQiOjMwMDAwMDAwMDAwMCwidXBkYXRlIjoxODAwMDAwMDAwMDAwfX0=",
          "dependencies": [
            "azurerm_resource_group.main"
          ]
        }
      ]
    }
  ],
  "check_results": null
}
